
Microsoft Visual Studio Solution File, Format Version 12.00
# Visual Studio Version 16
VisualStudioVersion = 16.0.28803.202
MinimumVisualStudioVersion = 10.0.40219.1
Project("{2150E333-8FDC-42A3-9474-1A3956D46DE8}") = "Presentation", "Presentation", "{4858A78C-EA3B-46B4-B459-7DB7DEC3D689}"
EndProject
Project("{9A19103F-16F7-4668-BE54-9A1E7A4F7556}") = "N2L.PublicTransport.API", "src\N2L.PublicTransport.API\N2L.PublicTransport.API.csproj", "{9B7329AD-5824-44CC-B591-BB148726965D}"
EndProject
Project("{9A19103F-16F7-4668-BE54-9A1E7A4F7556}") = "N2L.PublicTransport.Authentication", "src\N2L.PublicTransport.Authentication\N2L.PublicTransport.Authentication.csproj", "{380A9D5A-336A-4857-ADB1-0BE8D4EA53B9}"
EndProject
Project("{2150E333-8FDC-42A3-9474-1A3956D46DE8}") = "Solution Items", "Solution Items", "{921F98D8-1566-4F9F-9D4D-7D569B5D70D6}"
	ProjectSection(SolutionItems) = preProject
		.dockerignore = .dockerignore
		.gitignore = .gitignore
		.travis.yml = .travis.yml
		LICENSE = LICENSE
		README.md = README.md
		sonar.properties = sonar.properties
	EndProjectSection
EndProject
Project("{2150E333-8FDC-42A3-9474-1A3956D46DE8}") = "Application", "Application", "{7CAC800E-348B-4A2C-967A-DE06AA42612E}"
EndProject
Project("{2150E333-8FDC-42A3-9474-1A3956D46DE8}") = "Domain", "Domain", "{761358E3-EA73-45E6-92DC-7A1ACD971597}"
EndProject
Project("{2150E333-8FDC-42A3-9474-1A3956D46DE8}") = "CrossCutting", "CrossCutting", "{97FE7E0F-FA55-4276-95AE-9CA8F0A0AADB}"
EndProject
Project("{9A19103F-16F7-4668-BE54-9A1E7A4F7556}") = "N2L.PublicTransport.CrossCutting", "src\N2L.PublicTransport.CrossCutting\N2L.PublicTransport.CrossCutting.csproj", "{AB9EE886-311B-4745-9D9D-1F2BC64F8E2A}"
EndProject
Project("{9A19103F-16F7-4668-BE54-9A1E7A4F7556}") = "N2L.PublicTransport.Application", "src\N2L.PublicTransport.Application.cs\N2L.PublicTransport.Application.csproj", "{39907FB7-E16A-466A-AC5D-28236D3AE52E}"
EndProject
Project("{9A19103F-16F7-4668-BE54-9A1E7A4F7556}") = "N2L.PublicTransport.Domain", "src\N2L.PublicTransport.Domain\N2L.PublicTransport.Domain.csproj", "{4065ABBC-EBC7-4E0F-B608-8DAD0E0A96FB}"
EndProject
Project("{2150E333-8FDC-42A3-9474-1A3956D46DE8}") = "Infrastructure", "Infrastructure", "{36CBD2BF-797F-4CA5-9FB6-95F42B3678FA}"
EndProject
Project("{FAE04EC0-301F-11D3-BF4B-00C04F79EFBC}") = "N2L.PublicTransport.Infrastructure", "N2L.PublicTransport.Infrastructure\N2L.PublicTransport.Infrastructure.csproj", "{1FE5BD96-44F2-493B-BADB-2347452CDC6F}"
EndProject
Global
	GlobalSection(SolutionConfigurationPlatforms) = preSolution
		Debug|Any CPU = Debug|Any CPU
		Release|Any CPU = Release|Any CPU
	EndGlobalSection
	GlobalSection(ProjectConfigurationPlatforms) = postSolution
		{9B7329AD-5824-44CC-B591-BB148726965D}.Debug|Any CPU.ActiveCfg = Debug|Any CPU
		{9B7329AD-5824-44CC-B591-BB148726965D}.Debug|Any CPU.Build.0 = Debug|Any CPU
		{9B7329AD-5824-44CC-B591-BB148726965D}.Release|Any CPU.ActiveCfg = Release|Any CPU
		{9B7329AD-5824-44CC-B591-BB148726965D}.Release|Any CPU.Build.0 = Release|Any CPU
		{380A9D5A-336A-4857-ADB1-0BE8D4EA53B9}.Debug|Any CPU.ActiveCfg = Debug|Any CPU
		{380A9D5A-336A-4857-ADB1-0BE8D4EA53B9}.Debug|Any CPU.Build.0 = Debug|Any CPU
		{380A9D5A-336A-4857-ADB1-0BE8D4EA53B9}.Release|Any CPU.ActiveCfg = Release|Any CPU
		{380A9D5A-336A-4857-ADB1-0BE8D4EA53B9}.Release|Any CPU.Build.0 = Release|Any CPU
		{AB9EE886-311B-4745-9D9D-1F2BC64F8E2A}.Debug|Any CPU.ActiveCfg = Debug|Any CPU
		{AB9EE886-311B-4745-9D9D-1F2BC64F8E2A}.Debug|Any CPU.Build.0 = Debug|Any CPU
		{AB9EE886-311B-4745-9D9D-1F2BC64F8E2A}.Release|Any CPU.ActiveCfg = Release|Any CPU
		{AB9EE886-311B-4745-9D9D-1F2BC64F8E2A}.Release|Any CPU.Build.0 = Release|Any CPU
		{39907FB7-E16A-466A-AC5D-28236D3AE52E}.Debug|Any CPU.ActiveCfg = Debug|Any CPU
		{39907FB7-E16A-466A-AC5D-28236D3AE52E}.Debug|Any CPU.Build.0 = Debug|Any CPU
		{39907FB7-E16A-466A-AC5D-28236D3AE52E}.Release|Any CPU.ActiveCfg = Release|Any CPU
		{39907FB7-E16A-466A-AC5D-28236D3AE52E}.Release|Any CPU.Build.0 = Release|Any CPU
		{4065ABBC-EBC7-4E0F-B608-8DAD0E0A96FB}.Debug|Any CPU.ActiveCfg = Debug|Any CPU
		{4065ABBC-EBC7-4E0F-B608-8DAD0E0A96FB}.Debug|Any CPU.Build.0 = Debug|Any CPU
		{4065ABBC-EBC7-4E0F-B608-8DAD0E0A96FB}.Release|Any CPU.ActiveCfg = Release|Any CPU
		{4065ABBC-EBC7-4E0F-B608-8DAD0E0A96FB}.Release|Any CPU.Build.0 = Release|Any CPU
		{1FE5BD96-44F2-493B-BADB-2347452CDC6F}.Debug|Any CPU.ActiveCfg = Debug|Any CPU
		{1FE5BD96-44F2-493B-BADB-2347452CDC6F}.Debug|Any CPU.Build.0 = Debug|Any CPU
		{1FE5BD96-44F2-493B-BADB-2347452CDC6F}.Release|Any CPU.ActiveCfg = Release|Any CPU
		{1FE5BD96-44F2-493B-BADB-2347452CDC6F}.Release|Any CPU.Build.0 = Release|Any CPU
	EndGlobalSection
	GlobalSection(SolutionProperties) = preSolution
		HideSolutionNode = FALSE
	EndGlobalSection
	GlobalSection(NestedProjects) = preSolution
		{9B7329AD-5824-44CC-B591-BB148726965D} = {4858A78C-EA3B-46B4-B459-7DB7DEC3D689}
		{380A9D5A-336A-4857-ADB1-0BE8D4EA53B9} = {4858A78C-EA3B-46B4-B459-7DB7DEC3D689}
		{AB9EE886-311B-4745-9D9D-1F2BC64F8E2A} = {97FE7E0F-FA55-4276-95AE-9CA8F0A0AADB}
		{39907FB7-E16A-466A-AC5D-28236D3AE52E} = {7CAC800E-348B-4A2C-967A-DE06AA42612E}
		{4065ABBC-EBC7-4E0F-B608-8DAD0E0A96FB} = {761358E3-EA73-45E6-92DC-7A1ACD971597}
		{1FE5BD96-44F2-493B-BADB-2347452CDC6F} = {36CBD2BF-797F-4CA5-9FB6-95F42B3678FA}
	EndGlobalSection
	GlobalSection(ExtensibilityGlobals) = postSolution
		SolutionGuid = {7D656093-2214-40D3-AAE5-CDF3C1DA1F0F}
	EndGlobalSection
EndGlobal
